# THIS IS AN AUTOGENERATED FILE. DO NOT EDIT THIS FILE DIRECTLY.
# yarn lockfile v1


fsevents@2.3.2:
  version "2.3.2"
  resolved "https://registry.npmjs.org/fsevents/-/fsevents-2.3.2.tgz"
  integrity sha512-xiqMQR4xAeHTuB9uWm+fFRcIOgKBMiOBP+eXiyT7jsgVCq1bkVygt00oASowB7EdtpOHaaPgKt812P9ab+DDKA==

playwright-core@1.43.1:
  version "1.43.1"
  resolved "https://registry.npmjs.org/playwright-core/-/playwright-core-1.43.1.tgz"
  integrity sha512-EI36Mto2Vrx6VF7rm708qSnesVQKbxEWvPrfA1IPY6HgczBplDx7ENtx+K2n4kJ41sLLkuGfmb0ZLSSXlDhqPg==

playwright@^1.43.1:
  version "1.43.1"
  resolved "https://registry.npmjs.org/playwright/-/playwright-1.43.1.tgz"
  integrity sha512-V7SoH0ai2kNt1Md9E3Gwas5B9m8KR2GVvwZnAI6Pg0m3sh7UvgiYhRrhsziCmqMJNouPckiOhk8T+9bSAK0VIA==
  dependencies:
    playwright-core "1.43.1"
  optionalDependencies:
    fsevents "2.3.2"
